<?xml version="1.0" encoding="utf-8"?>
<Project ToolsVersion="4.0" xmlns="http://schemas.microsoft.com/developer/msbuild/2003">
  <ItemGroup>
    <Filter Include="Engine">
      <UniqueIdentifier>{5cea34d6-05e5-4bb3-950f-7aba6d6f7b1e}</UniqueIdentifier>
    </Filter>
    <Filter Include="Resource">
      <UniqueIdentifier>{1eab0e96-c239-4cbe-b072-60102a1d014f}</UniqueIdentifier>
    </Filter>
    <Filter Include="Utils">
      <UniqueIdentifier>{e445b3e4-6862-4aff-b441-e6e0eea70b28}</UniqueIdentifier>
    </Filter>
    <Filter Include="Shader">
      <UniqueIdentifier>{fbe4b49e-d16b-4e8b-9cb3-044551fb3370}</UniqueIdentifier>
    </Filter>
    <Filter Include="Manager">
      <UniqueIdentifier>{b2320c3e-c9cc-409c-bf34-75ae17fa6993}</UniqueIdentifier>
    </Filter>
    <Filter Include="Object">
      <UniqueIdentifier>{50b4149b-455d-402d-9dfa-55a58d8a3688}</UniqueIdentifier>
    </Filter>
    <Filter Include="Object\Test">
      <UniqueIdentifier>{c933a9f6-4788-4689-a40f-f91dd4dd4237}</UniqueIdentifier>
    </Filter>
    <Filter Include="Object\Component">
      <UniqueIdentifier>{ef7b857d-7829-46c4-8402-ac2242efef2f}</UniqueIdentifier>
    </Filter>
  </ItemGroup>
  <ItemGroup>
    <ClInclude Include="pch.h">
      <Filter>Utils</Filter>
    </ClInclude>
    <ClInclude Include="EnginePch.h" />
    <ClInclude Include="d3dx12.h">
      <Filter>Utils</Filter>
    </ClInclude>
    <ClInclude Include="Engine.h">
      <Filter>Engine</Filter>
    </ClInclude>
    <ClInclude Include="CommandQueue.h">
      <Filter>Engine</Filter>
    </ClInclude>
    <ClInclude Include="Device.h">
      <Filter>Engine</Filter>
    </ClInclude>
    <ClInclude Include="SwapChain.h">
      <Filter>Engine</Filter>
    </ClInclude>
    <ClInclude Include="RootSignature.h">
      <Filter>Engine</Filter>
    </ClInclude>
    <ClInclude Include="Mesh.h">
      <Filter>Resource</Filter>
    </ClInclude>
    <ClInclude Include="Shader.h">
      <Filter>Resource</Filter>
    </ClInclude>
    <ClInclude Include="ConstantBuffer.h">
      <Filter>Engine</Filter>
    </ClInclude>
    <ClInclude Include="TableDescriptorHeap.h">
      <Filter>Engine</Filter>
    </ClInclude>
    <ClInclude Include="Texture.h">
      <Filter>Resource</Filter>
    </ClInclude>
    <ClInclude Include="DepthStencilBuffer.h">
      <Filter>Engine</Filter>
    </ClInclude>
    <ClInclude Include="Material.h">
      <Filter>Resource</Filter>
    </ClInclude>
    <ClInclude Include="SceneManager.h">
      <Filter>Manager</Filter>
    </ClInclude>
    <ClInclude Include="Scene.h">
      <Filter>Manager</Filter>
    </ClInclude>
    <ClInclude Include="Input.h">
      <Filter>Manager</Filter>
    </ClInclude>
    <ClInclude Include="Timer.h">
      <Filter>Manager</Filter>
    </ClInclude>
    <ClInclude Include="SimpleMath.h">
      <Filter>Utils</Filter>
    </ClInclude>
    <ClInclude Include="TestCameraScript.h">
      <Filter>Object\Test</Filter>
    </ClInclude>
    <ClInclude Include="Object.h">
      <Filter>Object</Filter>
    </ClInclude>
    <ClInclude Include="Camera.h">
      <Filter>Object\Component</Filter>
    </ClInclude>
    <ClInclude Include="Component.h">
      <Filter>Object\Component</Filter>
    </ClInclude>
    <ClInclude Include="GameObject.h">
      <Filter>Object\Component</Filter>
    </ClInclude>
    <ClInclude Include="MeshRenderer.h">
      <Filter>Object\Component</Filter>
    </ClInclude>
    <ClInclude Include="MonoBehaviour.h">
      <Filter>Object\Component</Filter>
    </ClInclude>
    <ClInclude Include="Transform.h">
      <Filter>Object\Component</Filter>
    </ClInclude>
    <ClInclude Include="Resources.h">
      <Filter>Object</Filter>
    </ClInclude>
  </ItemGroup>
  <ItemGroup>
    <ClCompile Include="pch.cpp">
      <Filter>Utils</Filter>
    </ClCompile>
    <ClCompile Include="EnginePch.cpp" />
    <ClCompile Include="Engine.cpp">
      <Filter>Engine</Filter>
    </ClCompile>
    <ClCompile Include="CommandQueue.cpp">
      <Filter>Engine</Filter>
    </ClCompile>
    <ClCompile Include="Device.cpp">
      <Filter>Engine</Filter>
    </ClCompile>
    <ClCompile Include="SwapChain.cpp">
      <Filter>Engine</Filter>
    </ClCompile>
    <ClCompile Include="RootSignature.cpp">
      <Filter>Engine</Filter>
    </ClCompile>
    <ClCompile Include="Mesh.cpp">
      <Filter>Resource</Filter>
    </ClCompile>
    <ClCompile Include="Shader.cpp">
      <Filter>Resource</Filter>
    </ClCompile>
    <ClCompile Include="ConstantBuffer.cpp">
      <Filter>Engine</Filter>
    </ClCompile>
    <ClCompile Include="TableDescriptorHeap.cpp">
      <Filter>Engine</Filter>
    </ClCompile>
    <ClCompile Include="Texture.cpp">
      <Filter>Resource</Filter>
    </ClCompile>
    <ClCompile Include="DepthStencilBuffer.cpp">
      <Filter>Engine</Filter>
    </ClCompile>
    <ClCompile Include="Material.cpp">
      <Filter>Resource</Filter>
    </ClCompile>
    <ClCompile Include="SceneManager.cpp">
      <Filter>Manager</Filter>
    </ClCompile>
    <ClCompile Include="Scene.cpp">
      <Filter>Manager</Filter>
    </ClCompile>
    <ClCompile Include="Input.cpp">
      <Filter>Manager</Filter>
    </ClCompile>
    <ClCompile Include="Timer.cpp">
      <Filter>Manager</Filter>
    </ClCompile>
    <ClCompile Include="SimpleMath.cpp">
      <Filter>Utils</Filter>
    </ClCompile>
    <ClCompile Include="TestCameraScript.cpp">
      <Filter>Object\Test</Filter>
    </ClCompile>
    <ClCompile Include="Object.cpp">
      <Filter>Object</Filter>
    </ClCompile>
    <ClCompile Include="Camera.cpp">
      <Filter>Object\Component</Filter>
    </ClCompile>
    <ClCompile Include="Component.cpp">
      <Filter>Object\Component</Filter>
    </ClCompile>
    <ClCompile Include="GameObject.cpp">
      <Filter>Object\Component</Filter>
    </ClCompile>
    <ClCompile Include="MeshRenderer.cpp">
      <Filter>Object\Component</Filter>
    </ClCompile>
    <ClCompile Include="MonoBehaviour.cpp">
      <Filter>Object\Component</Filter>
    </ClCompile>
    <ClCompile Include="Transform.cpp">
      <Filter>Object\Component</Filter>
    </ClCompile>
    <ClCompile Include="Resources.cpp">
      <Filter>Object</Filter>
    </ClCompile>
  </ItemGroup>
  <ItemGroup>
    <None Include="..\Resource\Shader\default.hlsli">
      <Filter>Shader</Filter>
    </None>
    <None Include="SimpleMath.inl">
      <Filter>Utils</Filter>
    </None>
  </ItemGroup>
</Project>